
Microsoft Visual Studio Solution File, Format Version 12.00
# Visual Studio Version 16
VisualStudioVersion = 16.0.30114.105
MinimumVisualStudioVersion = 10.0.40219.1
Project("{FAE04EC0-301F-11D3-BF4B-00C04F79EFBC}") = "OlaMundo", "OlaMundo\OlaMundo.csproj", "{DD1D84B0-BCF5-4BCA-BF4A-B8807042904A}"
EndProject
Project("{FAE04EC0-301F-11D3-BF4B-00C04F79EFBC}") = "Argumentos", "Argumentos\Argumentos.csproj", "{035D95A3-C8A2-4879-8DF6-A1670AF60C80}"
EndProject
Project("{FAE04EC0-301F-11D3-BF4B-00C04F79EFBC}") = "TiposVarios", "TiposVarios\TiposVarios.csproj", "{F5C55382-3097-4C96-845E-C18AB572E7D5}"
EndProject
Project("{FAE04EC0-301F-11D3-BF4B-00C04F79EFBC}") = "VariasStrings", "VariasStrings\VariasStrings.csproj", "{FA5EE26A-C88D-47DC-B0BD-D4430426AEA3}"
EndProject
Global
	GlobalSection(SolutionConfigurationPlatforms) = preSolution
		Debug|Any CPU = Debug|Any CPU
		Release|Any CPU = Release|Any CPU
	EndGlobalSection
	GlobalSection(SolutionProperties) = preSolution
		HideSolutionNode = FALSE
	EndGlobalSection
	GlobalSection(ProjectConfigurationPlatforms) = postSolution
		{DD1D84B0-BCF5-4BCA-BF4A-B8807042904A}.Debug|Any CPU.ActiveCfg = Debug|Any CPU
		{DD1D84B0-BCF5-4BCA-BF4A-B8807042904A}.Debug|Any CPU.Build.0 = Debug|Any CPU
		{DD1D84B0-BCF5-4BCA-BF4A-B8807042904A}.Release|Any CPU.ActiveCfg = Release|Any CPU
		{DD1D84B0-BCF5-4BCA-BF4A-B8807042904A}.Release|Any CPU.Build.0 = Release|Any CPU
		{035D95A3-C8A2-4879-8DF6-A1670AF60C80}.Debug|Any CPU.ActiveCfg = Debug|Any CPU
		{035D95A3-C8A2-4879-8DF6-A1670AF60C80}.Debug|Any CPU.Build.0 = Debug|Any CPU
		{035D95A3-C8A2-4879-8DF6-A1670AF60C80}.Release|Any CPU.ActiveCfg = Release|Any CPU
		{035D95A3-C8A2-4879-8DF6-A1670AF60C80}.Release|Any CPU.Build.0 = Release|Any CPU
		{F5C55382-3097-4C96-845E-C18AB572E7D5}.Debug|Any CPU.ActiveCfg = Debug|Any CPU
		{F5C55382-3097-4C96-845E-C18AB572E7D5}.Debug|Any CPU.Build.0 = Debug|Any CPU
		{F5C55382-3097-4C96-845E-C18AB572E7D5}.Release|Any CPU.ActiveCfg = Release|Any CPU
		{F5C55382-3097-4C96-845E-C18AB572E7D5}.Release|Any CPU.Build.0 = Release|Any CPU
		{FA5EE26A-C88D-47DC-B0BD-D4430426AEA3}.Debug|Any CPU.ActiveCfg = Debug|Any CPU
		{FA5EE26A-C88D-47DC-B0BD-D4430426AEA3}.Debug|Any CPU.Build.0 = Debug|Any CPU
		{FA5EE26A-C88D-47DC-B0BD-D4430426AEA3}.Release|Any CPU.ActiveCfg = Release|Any CPU
		{FA5EE26A-C88D-47DC-B0BD-D4430426AEA3}.Release|Any CPU.Build.0 = Release|Any CPU
	EndGlobalSection
EndGlobal
